// !$*UTF8*$!
{
	archiveVersion = 1;
	classes = {
	};
	objectVersion = 56;
	objects = {

/* Begin PBXBuildFile section */
		BA2B1CE12BF6D2800037E36F /* AstronautView.swift in Sources */ = {isa = PBXBuildFile; fileRef = BA2B1CE02BF6D2800037E36F /* AstronautView.swift */; };
		BA2E5C2A2BF53CF6000AB965 /* Color-Theme.swift in Sources */ = {isa = PBXBuildFile; fileRef = BA2E5C292BF53CF6000AB965 /* Color-Theme.swift */; };
		BA2E5C2C2BF55095000AB965 /* MissionView.swift in Sources */ = {isa = PBXBuildFile; fileRef = BA2E5C2B2BF55095000AB965 /* MissionView.swift */; };
		BA96F6C52BF40F7C00550D24 /* MoonshotApp.swift in Sources */ = {isa = PBXBuildFile; fileRef = BA96F6C42BF40F7C00550D24 /* MoonshotApp.swift */; };
		BA96F6C72BF40F7C00550D24 /* ContentView.swift in Sources */ = {isa = PBXBuildFile; fileRef = BA96F6C62BF40F7C00550D24 /* ContentView.swift */; };
		BA96F6C92BF40F7C00550D24 /* Assets.xcassets in Resources */ = {isa = PBXBuildFile; fileRef = BA96F6C82BF40F7C00550D24 /* Assets.xcassets */; };
		BA96F6CC2BF40F7C00550D24 /* Preview Assets.xcassets in Resources */ = {isa = PBXBuildFile; fileRef = BA96F6CB2BF40F7C00550D24 /* Preview Assets.xcassets */; };
		BA96F6D82BF41C0500550D24 /* astronauts.json in Resources */ = {isa = PBXBuildFile; fileRef = BA96F6D62BF41C0500550D24 /* astronauts.json */; };
		BA96F6D92BF41C0500550D24 /* missions.json in Resources */ = {isa = PBXBuildFile; fileRef = BA96F6D72BF41C0500550D24 /* missions.json */; };
		BA96F6DB2BF41C4D00550D24 /* Astronaut.swift in Sources */ = {isa = PBXBuildFile; fileRef = BA96F6DA2BF41C4D00550D24 /* Astronaut.swift */; };
		BA96F6DD2BF41C9500550D24 /* Bundle-Decodable.swift in Sources */ = {isa = PBXBuildFile; fileRef = BA96F6DC2BF41C9500550D24 /* Bundle-Decodable.swift */; };
		BA96F6DF2BF4227B00550D24 /* Mission.swift in Sources */ = {isa = PBXBuildFile; fileRef = BA96F6DE2BF4227B00550D24 /* Mission.swift */; };
/* End PBXBuildFile section */

/* Begin PBXFileReference section */
		BA2B1CE02BF6D2800037E36F /* AstronautView.swift */ = {isa = PBXFileReference; lastKnownFileType = sourcecode.swift; path = AstronautView.swift; sourceTree = "<group>"; };
		BA2E5C292BF53CF6000AB965 /* Color-Theme.swift */ = {isa = PBXFileReference; lastKnownFileType = sourcecode.swift; path = "Color-Theme.swift"; sourceTree = "<group>"; };
		BA2E5C2B2BF55095000AB965 /* MissionView.swift */ = {isa = PBXFileReference; lastKnownFileType = sourcecode.swift; path = MissionView.swift; sourceTree = "<group>"; };
		BA96F6C12BF40F7C00550D24 /* Moonshot.app */ = {isa = PBXFileReference; explicitFileType = wrapper.application; includeInIndex = 0; path = Moonshot.app; sourceTree = BUILT_PRODUCTS_DIR; };
		BA96F6C42BF40F7C00550D24 /* MoonshotApp.swift */ = {isa = PBXFileReference; lastKnownFileType = sourcecode.swift; path = MoonshotApp.swift; sourceTree = "<group>"; };
		BA96F6C62BF40F7C00550D24 /* ContentView.swift */ = {isa = PBXFileReference; lastKnownFileType = sourcecode.swift; path = ContentView.swift; sourceTree = "<group>"; };
		BA96F6C82BF40F7C00550D24 /* Assets.xcassets */ = {isa = PBXFileReference; lastKnownFileType = folder.assetcatalog; path = Assets.xcassets; sourceTree = "<group>"; };
		BA96F6CB2BF40F7C00550D24 /* Preview Assets.xcassets */ = {isa = PBXFileReference; lastKnownFileType = folder.assetcatalog; path = "Preview Assets.xcassets"; sourceTree = "<group>"; };
		BA96F6D62BF41C0500550D24 /* astronauts.json */ = {isa = PBXFileReference; fileEncoding = 4; lastKnownFileType = text.json; path = astronauts.json; sourceTree = "<group>"; };
		BA96F6D72BF41C0500550D24 /* missions.json */ = {isa = PBXFileReference; fileEncoding = 4; lastKnownFileType = text.json; path = missions.json; sourceTree = "<group>"; };
		BA96F6DA2BF41C4D00550D24 /* Astronaut.swift */ = {isa = PBXFileReference; lastKnownFileType = sourcecode.swift; path = Astronaut.swift; sourceTree = "<group>"; };
		BA96F6DC2BF41C9500550D24 /* Bundle-Decodable.swift */ = {isa = PBXFileReference; lastKnownFileType = sourcecode.swift; path = "Bundle-Decodable.swift"; sourceTree = "<group>"; };
		BA96F6DE2BF4227B00550D24 /* Mission.swift */ = {isa = PBXFileReference; lastKnownFileType = sourcecode.swift; path = Mission.swift; sourceTree = "<group>"; };
/* End PBXFileReference section */

/* Begin PBXFrameworksBuildPhase section */
		BA96F6BE2BF40F7C00550D24 /* Frameworks */ = {
			isa = PBXFrameworksBuildPhase;
			buildActionMask = 2147483647;
			files = (
			);
			runOnlyForDeploymentPostprocessing = 0;
		};
/* End PBXFrameworksBuildPhase section */

/* Begin PBXGroup section */
		BA96F6B82BF40F7C00550D24 = {
			isa = PBXGroup;
			children = (
				BA96F6C32BF40F7C00550D24 /* Moonshot */,
				BA96F6C22BF40F7C00550D24 /* Products */,
			);
			sourceTree = "<group>";
		};
		BA96F6C22BF40F7C00550D24 /* Products */ = {
			isa = PBXGroup;
			children = (
				BA96F6C12BF40F7C00550D24 /* Moonshot.app */,
			);
			name = Products;
			sourceTree = "<group>";
		};
		BA96F6C32BF40F7C00550D24 /* Moonshot */ = {
			isa = PBXGroup;
			children = (
				BA96F6DA2BF41C4D00550D24 /* Astronaut.swift */,
				BA96F6DC2BF41C9500550D24 /* Bundle-Decodable.swift */,
				BA96F6C62BF40F7C00550D24 /* ContentView.swift */,
				BA2E5C292BF53CF6000AB965 /* Color-Theme.swift */,
				BA96F6DE2BF4227B00550D24 /* Mission.swift */,
				BA2E5C2B2BF55095000AB965 /* MissionView.swift */,
				BA2B1CE02BF6D2800037E36F /* AstronautView.swift */,
				BA96F6C42BF40F7C00550D24 /* MoonshotApp.swift */,
				BA96F6D62BF41C0500550D24 /* astronauts.json */,
				BA96F6D72BF41C0500550D24 /* missions.json */,
				BA96F6C82BF40F7C00550D24 /* Assets.xcassets */,
				BA96F6CA2BF40F7C00550D24 /* Preview Content */,
			);
			path = Moonshot;
			sourceTree = "<group>";
		};
		BA96F6CA2BF40F7C00550D24 /* Preview Content */ = {
			isa = PBXGroup;
			children = (
				BA96F6CB2BF40F7C00550D24 /* Preview Assets.xcassets */,
			);
			path = "Preview Content";
			sourceTree = "<group>";
		};
/* End PBXGroup section */

/* Begin PBXNativeTarget section */
		BA96F6C02BF40F7C00550D24 /* Moonshot */ = {
			isa = PBXNativeTarget;
			buildConfigurationList = BA96F6CF2BF40F7C00550D24 /* Build configuration list for PBXNativeTarget "Moonshot" */;
			buildPhases = (
				BA96F6BD2BF40F7C00550D24 /* Sources */,
				BA96F6BE2BF40F7C00550D24 /* Frameworks */,
				BA96F6BF2BF40F7C00550D24 /* Resources */,
			);
			buildRules = (
			);
			dependencies = (
			);
			name = Moonshot;
			productName = Moonshot;
			productReference = BA96F6C12BF40F7C00550D24 /* Moonshot.app */;
			productType = "com.apple.product-type.application";
		};
/* End PBXNativeTarget section */

/* Begin PBXProject section */
		BA96F6B92BF40F7C00550D24 /* Project object */ = {
			isa = PBXProject;
			attributes = {
				BuildIndependentTargetsInParallel = 1;
				LastSwiftUpdateCheck = 1540;
				LastUpgradeCheck = 1540;
				TargetAttributes = {
					BA96F6C02BF40F7C00550D24 = {
						CreatedOnToolsVersion = 15.4;
					};
				};
			};
			buildConfigurationList = BA96F6BC2BF40F7C00550D24 /* Build configuration list for PBXProject "Moonshot" */;
			compatibilityVersion = "Xcode 14.0";
			developmentRegion = en;
			hasScannedForEncodings = 0;
			knownRegions = (
				en,
				Base,
			);
			mainGroup = BA96F6B82BF40F7C00550D24;
			productRefGroup = BA96F6C22BF40F7C00550D24 /* Products */;
			projectDirPath = "";
			projectRoot = "";
			targets = (
				BA96F6C02BF40F7C00550D24 /* Moonshot */,
			);
		};
/* End PBXProject section */

/* Begin PBXResourcesBuildPhase section */
		BA96F6BF2BF40F7C00550D24 /* Resources */ = {
			isa = PBXResourcesBuildPhase;
			buildActionMask = 2147483647;
			files = (
				BA96F6D82BF41C0500550D24 /* astronauts.json in Resources */,
				BA96F6CC2BF40F7C00550D24 /* Preview Assets.xcassets in Resources */,
				BA96F6D92BF41C0500550D24 /* missions.json in Resources */,
				BA96F6C92BF40F7C00550D24 /* Assets.xcassets in Resources */,
			);
			runOnlyForDeploymentPostprocessing = 0;
		};
/* End PBXResourcesBuildPhase section */

/* Begin PBXSourcesBuildPhase section */
		BA96F6BD2BF40F7C00550D24 /* Sources */ = {
			isa = PBXSourcesBuildPhase;
			buildActionMask = 2147483647;
			files = (
				BA2E5C2C2BF55095000AB965 /* MissionView.swift in Sources */,
				BA96F6DB2BF41C4D00550D24 /* Astronaut.swift in Sources */,
				BA2B1CE12BF6D2800037E36F /* AstronautView.swift in Sources */,
				BA2E5C2A2BF53CF6000AB965 /* Color-Theme.swift in Sources */,
				BA96F6C72BF40F7C00550D24 /* ContentView.swift in Sources */,
				BA96F6C52BF40F7C00550D24 /* MoonshotApp.swift in Sources */,
				BA96F6DF2BF4227B00550D24 /* Mission.swift in Sources */,
				BA96F6DD2BF41C9500550D24 /* Bundle-Decodable.swift in Sources */,
			);
			runOnlyForDeploymentPostprocessing = 0;
		};
/* End PBXSourcesBuildPhase section */

/* Begin XCBuildConfiguration section */
		BA96F6CD2BF40F7C00550D24 /* Debug */ = {
			isa = XCBuildConfiguration;
			buildSettings = {
				ALWAYS_SEARCH_USER_PATHS = NO;
				ASSETCATALOG_COMPILER_GENERATE_SWIFT_ASSET_SYMBOL_EXTENSIONS = YES;
				CLANG_ANALYZER_NONNULL = YES;
				CLANG_ANALYZER_NUMBER_OBJECT_CONVERSION = YES_AGGRESSIVE;
				CLANG_CXX_LANGUAGE_STANDARD = "gnu++20";
				CLANG_ENABLE_MODULES = YES;
				CLANG_ENABLE_OBJC_ARC = YES;
				CLANG_ENABLE_OBJC_WEAK = YES;
				CLANG_WARN_BLOCK_CAPTURE_AUTORELEASING = YES;
				CLANG_WARN_BOOL_CONVERSION = YES;
				CLANG_WARN_COMMA = YES;
				CLANG_WARN_CONSTANT_CONVERSION = YES;
				CLANG_WARN_DEPRECATED_OBJC_IMPLEMENTATIONS = YES;
				CLANG_WARN_DIRECT_OBJC_ISA_USAGE = YES_ERROR;
				CLANG_WARN_DOCUMENTATION_COMMENTS = YES;
				CLANG_WARN_EMPTY_BODY = YES;
				CLANG_WARN_ENUM_CONVERSION = YES;
				CLANG_WARN_INFINITE_RECURSION = YES;
				CLANG_WARN_INT_CONVERSION = YES;
				CLANG_WARN_NON_LITERAL_NULL_CONVERSION = YES;
				CLANG_WARN_OBJC_IMPLICIT_RETAIN_SELF = YES;
				CLANG_WARN_OBJC_LITERAL_CONVERSION = YES;
				CLANG_WARN_OBJC_ROOT_CLASS = YES_ERROR;
				CLANG_WARN_QUOTED_INCLUDE_IN_FRAMEWORK_HEADER = YES;
				CLANG_WARN_RANGE_LOOP_ANALYSIS = YES;
				CLANG_WARN_STRICT_PROTOTYPES = YES;
				CLANG_WARN_SUSPICIOUS_MOVE = YES;
				CLANG_WARN_UNGUARDED_AVAILABILITY = YES_AGGRESSIVE;
				CLANG_WARN_UNREACHABLE_CODE = YES;
				CLANG_WARN__DUPLICATE_METHOD_MATCH = YES;
				COPY_PHASE_STRIP = NO;
				DEBUG_INFORMATION_FORMAT = dwarf;
				ENABLE_STRICT_OBJC_MSGSEND = YES;
				ENABLE_TESTABILITY = YES;
				ENABLE_USER_SCRIPT_SANDBOXING = YES;
				GCC_C_LANGUAGE_STANDARD = gnu17;
				GCC_DYNAMIC_NO_PIC = NO;
				GCC_NO_COMMON_BLOCKS = YES;
				GCC_OPTIMIZATION_LEVEL = 0;
				GCC_PREPROCESSOR_DEFINITIONS = (
					"DEBUG=1",
					"$(inherited)",
				);
				GCC_WARN_64_TO_32_BIT_CONVERSION = YES;
				GCC_WARN_ABOUT_RETURN_TYPE = YES_ERROR;
				GCC_WARN_UNDECLARED_SELECTOR = YES;
				GCC_WARN_UNINITIALIZED_AUTOS = YES_AGGRESSIVE;
				GCC_WARN_UNUSED_FUNCTION = YES;
				GCC_WARN_UNUSED_VARIABLE = YES;
				IPHONEOS_DEPLOYMENT_TARGET = 17.5;
				LOCALIZATION_PREFERS_STRING_CATALOGS = YES;
				MTL_ENABLE_DEBUG_INFO = INCLUDE_SOURCE;
				MTL_FAST_MATH = YES;
				ONLY_ACTIVE_ARCH = YES;
				SDKROOT = iphoneos;
				SWIFT_ACTIVE_COMPILATION_CONDITIONS = "DEBUG $(inherited)";
				SWIFT_OPTIMIZATION_LEVEL = "-Onone";
			};
			name = Debug;
		};
		BA96F6CE2BF40F7C00550D24 /* Release */ = {
			isa = XCBuildConfiguration;
			buildSettings = {
				ALWAYS_SEARCH_USER_PATHS = NO;
				ASSETCATALOG_COMPILER_GENERATE_SWIFT_ASSET_SYMBOL_EXTENSIONS = YES;
				CLANG_ANALYZER_NONNULL = YES;
				CLANG_ANALYZER_NUMBER_OBJECT_CONVERSION = YES_AGGRESSIVE;
				CLANG_CXX_LANGUAGE_STANDARD = "gnu++20";
				CLANG_ENABLE_MODULES = YES;
				CLANG_ENABLE_OBJC_ARC = YES;
				CLANG_ENABLE_OBJC_WEAK = YES;
				CLANG_WARN_BLOCK_CAPTURE_AUTORELEASING = YES;
				CLANG_WARN_BOOL_CONVERSION = YES;
				CLANG_WARN_COMMA = YES;
				CLANG_WARN_CONSTANT_CONVERSION = YES;
				CLANG_WARN_DEPRECATED_OBJC_IMPLEMENTATIONS = YES;
				CLANG_WARN_DIRECT_OBJC_ISA_USAGE = YES_ERROR;
				CLANG_WARN_DOCUMENTATION_COMMENTS = YES;
				CLANG_WARN_EMPTY_BODY = YES;
				CLANG_WARN_ENUM_CONVERSION = YES;
				CLANG_WARN_INFINITE_RECURSION = YES;
				CLANG_WARN_INT_CONVERSION = YES;
				CLANG_WARN_NON_LITERAL_NULL_CONVERSION = YES;
				CLANG_WARN_OBJC_IMPLICIT_RETAIN_SELF = YES;
				CLANG_WARN_OBJC_LITERAL_CONVERSION = YES;
				CLANG_WARN_OBJC_ROOT_CLASS = YES_ERROR;
				CLANG_WARN_QUOTED_INCLUDE_IN_FRAMEWORK_HEADER = YES;
				CLANG_WARN_RANGE_LOOP_ANALYSIS = YES;
				CLANG_WARN_STRICT_PROTOTYPES = YES;
				CLANG_WARN_SUSPICIOUS_MOVE = YES;
				CLANG_WARN_UNGUARDED_AVAILABILITY = YES_AGGRESSIVE;
				CLANG_WARN_UNREACHABLE_CODE = YES;
				CLANG_WARN__DUPLICATE_METHOD_MATCH = YES;
				COPY_PHASE_STRIP = NO;
				DEBUG_INFORMATION_FORMAT = "dwarf-with-dsym";
				ENABLE_NS_ASSERTIONS = NO;
				ENABLE_STRICT_OBJC_MSGSEND = YES;
				ENABLE_USER_SCRIPT_SANDBOXING = YES;
				GCC_C_LANGUAGE_STANDARD = gnu17;
				GCC_NO_COMMON_BLOCKS = YES;
				GCC_WARN_64_TO_32_BIT_CONVERSION = YES;
				GCC_WARN_ABOUT_RETURN_TYPE = YES_ERROR;
				GCC_WARN_UNDECLARED_SELECTOR = YES;
				GCC_WARN_UNINITIALIZED_AUTOS = YES_AGGRESSIVE;
				GCC_WARN_UNUSED_FUNCTION = YES;
				GCC_WARN_UNUSED_VARIABLE = YES;
				IPHONEOS_DEPLOYMENT_TARGET = 17.5;
				LOCALIZATION_PREFERS_STRING_CATALOGS = YES;
				MTL_ENABLE_DEBUG_INFO = NO;
				MTL_FAST_MATH = YES;
				SDKROOT = iphoneos;
				SWIFT_COMPILATION_MODE = wholemodule;
				VALIDATE_PRODUCT = YES;
			};
			name = Release;
		};
		BA96F6D02BF40F7C00550D24 /* Debug */ = {
			isa = XCBuildConfiguration;
			buildSettings = {
				ASSETCATALOG_COMPILER_APPICON_NAME = AppIcon;
				ASSETCATALOG_COMPILER_GLOBAL_ACCENT_COLOR_NAME = AccentColor;
				CODE_SIGN_STYLE = Automatic;
				CURRENT_PROJECT_VERSION = 1;
				DEVELOPMENT_ASSET_PATHS = "\"Moonshot/Preview Content\"";
				DEVELOPMENT_TEAM = ZVH6XSDGG7;
				ENABLE_PREVIEWS = YES;
				GENERATE_INFOPLIST_FILE = YES;
				INFOPLIST_KEY_UIApplicationSceneManifest_Generation = YES;
				INFOPLIST_KEY_UIApplicationSupportsIndirectInputEvents = YES;
				INFOPLIST_KEY_UILaunchScreen_Generation = YES;
				INFOPLIST_KEY_UISupportedInterfaceOrientations_iPad = "UIInterfaceOrientationPortrait UIInterfaceOrientationPortraitUpsideDown UIInterfaceOrientationLandscapeLeft UIInterfaceOrientationLandscapeRight";
				INFOPLIST_KEY_UISupportedInterfaceOrientations_iPhone = "UIInterfaceOrientationPortrait UIInterfaceOrientationLandscapeLeft UIInterfaceOrientationLandscapeRight";
				LD_RUNPATH_SEARCH_PATHS = (
					"$(inherited)",
					"@executable_path/Frameworks",
				);
				MARKETING_VERSION = 1.0;
				PRODUCT_BUNDLE_IDENTIFIER = com.marquezgabriel.Moonshot;
				PRODUCT_NAME = "$(TARGET_NAME)";
				SWIFT_EMIT_LOC_STRINGS = YES;
				SWIFT_VERSION = 5.0;
				TARGETED_DEVICE_FAMILY = "1,2";
			};
			name = Debug;
		};
		BA96F6D12BF40F7C00550D24 /* Release */ = {
			isa = XCBuildConfiguration;
			buildSettings = {
				ASSETCATALOG_COMPILER_APPICON_NAME = AppIcon;
				ASSETCATALOG_COMPILER_GLOBAL_ACCENT_COLOR_NAME = AccentColor;
				CODE_SIGN_STYLE = Automatic;
				CURRENT_PROJECT_VERSION = 1;
				DEVELOPMENT_ASSET_PATHS = "\"Moonshot/Preview Content\"";
				DEVELOPMENT_TEAM = ZVH6XSDGG7;
				ENABLE_PREVIEWS = YES;
				GENERATE_INFOPLIST_FILE = YES;
				INFOPLIST_KEY_UIApplicationSceneManifest_Generation = YES;
				INFOPLIST_KEY_UIApplicationSupportsIndirectInputEvents = YES;
				INFOPLIST_KEY_UILaunchScreen_Generation = YES;
				INFOPLIST_KEY_UISupportedInterfaceOrientations_iPad = "UIInterfaceOrientationPortrait UIInterfaceOrientationPortraitUpsideDown UIInterfaceOrientationLandscapeLeft UIInterfaceOrientationLandscapeRight";
				INFOPLIST_KEY_UISupportedInterfaceOrientations_iPhone = "UIInterfaceOrientationPortrait UIInterfaceOrientationLandscapeLeft UIInterfaceOrientationLandscapeRight";
				LD_RUNPATH_SEARCH_PATHS = (
					"$(inherited)",
					"@executable_path/Frameworks",
				);
				MARKETING_VERSION = 1.0;
				PRODUCT_BUNDLE_IDENTIFIER = com.marquezgabriel.Moonshot;
				PRODUCT_NAME = "$(TARGET_NAME)";
				SWIFT_EMIT_LOC_STRINGS = YES;
				SWIFT_VERSION = 5.0;
				TARGETED_DEVICE_FAMILY = "1,2";
			};
			name = Release;
		};
/* End XCBuildConfiguration section */

/* Begin XCConfigurationList section */
		BA96F6BC2BF40F7C00550D24 /* Build configuration list for PBXProject "Moonshot" */ = {
			isa = XCConfigurationList;
			buildConfigurations = (
				BA96F6CD2BF40F7C00550D24 /* Debug */,
				BA96F6CE2BF40F7C00550D24 /* Release */,
			);
			defaultConfigurationIsVisible = 0;
			defaultConfigurationName = Release;
		};
		BA96F6CF2BF40F7C00550D24 /* Build configuration list for PBXNativeTarget "Moonshot" */ = {
			isa = XCConfigurationList;
			buildConfigurations = (
				BA96F6D02BF40F7C00550D24 /* Debug */,
				BA96F6D12BF40F7C00550D24 /* Release */,
			);
			defaultConfigurationIsVisible = 0;
			defaultConfigurationName = Release;
		};
/* End XCConfigurationList section */
	};
	rootObject = BA96F6B92BF40F7C00550D24 /* Project object */;
}
